{
  "name": "assets",
  "lockfileVersion": 3,
  "requires": true,
  "packages": {
    "": {
      "dependencies": {
        "@sentry/browser": "^10.65.0",
        "interactjs": "^1.10.27"
      }
    },
    "node_modules/@interactjs/types": {
      "version": "1.10.27",
      "resolved": "https://registry.npmjs.org/@interactjs/types/-/types-1.10.27.tgz",
      "integrity": "sha512-BUdv0cvs4H5ODuwft2Xp4eL8Vmi3LcihK42z0Ft/FbVJZoRioBsxH+LlsBdK4tAie7PqlKGy+1oyOncu1nQ6eA=="
    },
    "node_modules/@sentry/browser": {
      "version": "10.65.0",
      "resolved": "https://registry.npmjs.org/@sentry/browser/-/browser-10.65.0.tgz",
      "integrity": "sha512-XUDDsx0qxzeIlcOu1fDEqTcDl0eiOqghsgV+ReuuNP4jYjZ9kUQxE3rXWM5mlT1pBi4VaQ4FHqvQZZrRXy+oDw==",
      "dependencies": {
        "@sentry/browser-utils": "10.65.0",
        "@sentry/conventions": "^0.15.1",
        "@sentry/core": "10.65.0",
        "@sentry/feedback": "10.65.0",
        "@sentry/replay": "10.65.0",
        "@sentry/replay-canvas": "10.65.0"
      },
      "engines": {
        "node": ">=18"
      }
    },
    "node_modules/@sentry/browser-utils": {
      "version": "10.65.0",
      "resolved": "https://registry.npmjs.org/@sentry/browser-utils/-/browser-utils-10.65.0.tgz",
      "integrity": "sha512-4J0mkfNJAGUOkpg1ZggizyftFTn9N20b+Jl87UnWsDUkNG0Ic1l/FIzMPTVxXrAnhBGu0ULO0TFWMoQ5s3QtZw==",
      "dependencies": {
        "@sentry/conventions": "^0.15.1",
        "@sentry/core": "10.65.0"
      },
      "engines": {
        "node": ">=18"
      }
    },
    "node_modules/@sentry/conventions": {
      "version": "0.15.1",
      "resolved": "https://registry.npmjs.org/@sentry/conventions/-/conventions-0.15.1.tgz",
      "integrity": "sha512-ZLP8bRdMON3prWE2tJyImuYscCxdcJeIPIhrOs/rgyFm3C1nCh1B6gdvPj3AZ5zW08oSFFCsq7T+tYEW3h8MNA==",
      "engines": {
        "node": ">=14"
      }
    },
    "node_modules/@sentry/core": {
      "version": "10.65.0",
      "resolved": "https://registry.npmjs.org/@sentry/core/-/core-10.65.0.tgz",
      "integrity": "sha512-3aqtmM5NgNGo45BNaaBzi0LPQZAw//NEL4HKS5fXm12pJMa4KEkze8DEKnkTEIrGnWaOJKamecHKlnNg/Mqf/Q==",
      "dependencies": {
        "@sentry/conventions": "^0.15.1"
      },
      "engines": {
        "node": ">=18"
      }
    },
    "node_modules/@sentry/feedback": {
      "version": "10.65.0",
      "resolved": "https://registry.npmjs.org/@sentry/feedback/-/feedback-10.65.0.tgz",
      "integrity": "sha512-ck8h7wgd3F3bYNk0v1OgohmyLBeXcKxqlfBJRtQq4k6KZUq+pXimOG7ckNguVMYjCo3PEfuG+ckKc21yqotKug==",
      "dependencies": {
        "@sentry/core": "10.65.0"
      },
      "engines": {
        "node": ">=18"
      }
    },
    "node_modules/@sentry/replay": {
      "version": "10.65.0",
      "resolved": "https://registry.npmjs.org/@sentry/replay/-/replay-10.65.0.tgz",
      "integrity": "sha512-aW988CcQBNArbOMzOFOziipHz6uQyXSa4i5CPWsu+nhVPTJHafosi5Lv9n6NM/icDX5e23VdnX6mZd8SyJuo8A==",
      "dependencies": {
        "@sentry/browser-utils": "10.65.0",
        "@sentry/core": "10.65.0"
      },
      "engines": {
        "node": ">=18"
      }
    },
    "node_modules/@sentry/replay-canvas": {
      "version": "10.65.0",
      "resolved": "https://registry.npmjs.org/@sentry/replay-canvas/-/replay-canvas-10.65.0.tgz",
      "integrity": "sha512-A7X3RVk1Gk+knK8Ip/2EjejckNCLgCfRZo6eGlsy6qyz904KBpYmys1a0o7QkzFRjhIndjHAfcVxwt6jSLJlrQ==",
      "dependencies": {
        "@sentry/core": "10.65.0",
        "@sentry/replay": "10.65.0"
      },
      "engines": {
        "node": ">=18"
      }
    },
    "node_modules/interactjs": {
      "version": "1.10.27",
      "resolved": "https://registry.npmjs.org/interactjs/-/interactjs-1.10.27.tgz",
      "integrity": "sha512-y/8RcCftGAF24gSp76X2JS3XpHiUvDQyhF8i7ujemBz77hwiHDuJzftHx7thY8cxGogwGiPJ+o97kWB6eAXnsA==",
      "dependencies": {
        "@interactjs/types": "1.10.27"
      }
    }
  }
}
